
Microsoft Visual Studio Solution File, Format Version 12.00
Project("{FAE04EC0-301F-11D3-BF4B-00C04F79EFBC}") = "O-310-Intro", "O-310-Intro\O-310-Intro.csproj", "{C0DD5FCD-90E1-46D4-92A9-92BC9C24E64F}"
EndProject
Project("{FAE04EC0-301F-11D3-BF4B-00C04F79EFBC}") = "O-315A", "O-315A\O-315A.csproj", "{A280FD83-EDDB-4F7C-AF32-A095AD9586C5}"
EndProject
Project("{FAE04EC0-301F-11D3-BF4B-00C04F79EFBC}") = "O-315ABCDE", "O-315ABCDE\O-315ABCDE.csproj", "{2EA8CF08-9426-4967-B67B-893B25A41C5C}"
EndProject
Project("{FAE04EC0-301F-11D3-BF4B-00C04F79EFBC}") = "O-315I-GenerateRandomPassword", "O-315I-GenerateRandomPassword\O-315I-GenerateRandomPassword.csproj", "{9E66EEB5-2E2D-4718-9CB6-488256F50DEA}"
EndProject
Project("{FAE04EC0-301F-11D3-BF4B-00C04F79EFBC}") = "O-316A-WordPuzzle", "O-316A-WordPuzzle\O-316A-WordPuzzle.csproj", "{FAC0A102-B419-4894-8EA4-310958C28F4E}"
EndProject
Project("{FAE04EC0-301F-11D3-BF4B-00C04F79EFBC}") = "O-321A-CharCounter", "O-321A-CharCounter\O-321A-CharCounter.csproj", "{6D48B941-AD13-43D6-A675-BC0B0670C96A}"
EndProject
Project("{FAE04EC0-301F-11D3-BF4B-00C04F79EFBC}") = "O-321B-ShowChosenQuantity", "O-321B-ShowChosenQuantity\O-321B-ShowChosenQuantity.csproj", "{3272FB39-8F9F-4093-882D-FA510E4A767F}"
EndProject
Project("{FAE04EC0-301F-11D3-BF4B-00C04F79EFBC}") = "O-321C-MoneyCounter", "O-321C-MoneyCounter\O-321C-MoneyCounter.csproj", "{8053DCD8-ECBD-4338-8E17-938CAF32904D}"
EndProject
Project("{FAE04EC0-301F-11D3-BF4B-00C04F79EFBC}") = "O-323A-MatchBet", "O-323A-MatchBet\O-323A-MatchBet.csproj", "{D6EAD33C-7824-4A9C-B455-89BE5AA83188}"
EndProject
Project("{FAE04EC0-301F-11D3-BF4B-00C04F79EFBC}") = "O-323B-TwelveMatchesBet", "O-323B-TwelveMatchesBet\O-323B-TwelveMatchesBet.csproj", "{147A8856-03A9-4912-BD59-D4574247A950}"
EndProject
Project("{FAE04EC0-301F-11D3-BF4B-00C04F79EFBC}") = "O-323C-ThreeInARowGame", "O-323C-ThreeInARowGame\O-323C-ThreeInARowGame.csproj", "{5B0711C0-38C1-4518-A617-D5F2F7B04073}"
EndProject
Project("{FAE04EC0-301F-11D3-BF4B-00C04F79EFBC}") = "O-329A-PointsGame", "O-329A-PointsGame\O-329A-PointsGame.csproj", "{0A7AE9D6-9D81-4794-BAB7-7E499C11CAC9}"
EndProject
Project("{FAE04EC0-301F-11D3-BF4B-00C04F79EFBC}") = "O-329B-DynamicSquares", "O-329B-DynamicSquares\O-329B-DynamicSquares.csproj", "{28907D36-1D74-47EE-A497-5D67101D2BB6}"
EndProject
Project("{FAE04EC0-301F-11D3-BF4B-00C04F79EFBC}") = "O-329C-BottleTask", "O-329C-BottleTask\O-329C-BottleTask.csproj", "{A3BEC08C-DC68-4F4A-9AA5-E2E6024D2D10}"
EndProject
Project("{FAE04EC0-301F-11D3-BF4B-00C04F79EFBC}") = "O-328A-WaterEnergy-UnitTest", "O-328A-WaterEnergy-UnitTest\O-328A-WaterEnergy-UnitTest.csproj", "{A8081BBD-905B-465B-8240-46D7AD741524}"
EndProject
Project("{FAE04EC0-301F-11D3-BF4B-00C04F79EFBC}") = "O-328A-UnitTests", "O-328A-UnitTests\O-328A-UnitTests.csproj", "{DF511E97-B410-4213-B54E-162A73CEF8BD}"
EndProject
Project("{FAE04EC0-301F-11D3-BF4B-00C04F79EFBC}") = "O-328B-FamilyTree", "O-328B-FamilyTree\O-328B-FamilyTree.csproj", "{46CBA8F9-360F-449A-B8BE-5954D4A98698}"
EndProject
Project("{FAE04EC0-301F-11D3-BF4B-00C04F79EFBC}") = "O-328B-UnitTests", "O-328B-UnitTests\O-328B-UnitTests.csproj", "{640CAB95-057F-4416-8EDA-8A268A8BE812}"
EndProject
Project("{FAE04EC0-301F-11D3-BF4B-00C04F79EFBC}") = "O-341A-Stars", "O-341A-Stars\O-341A-Stars.csproj", "{37B17314-0EBA-4753-B77B-A15680352443}"
EndProject
Global
	GlobalSection(SolutionConfigurationPlatforms) = preSolution
		Debug|Any CPU = Debug|Any CPU
		Release|Any CPU = Release|Any CPU
	EndGlobalSection
	GlobalSection(ProjectConfigurationPlatforms) = postSolution
		{C0DD5FCD-90E1-46D4-92A9-92BC9C24E64F}.Debug|Any CPU.ActiveCfg = Debug|Any CPU
		{C0DD5FCD-90E1-46D4-92A9-92BC9C24E64F}.Debug|Any CPU.Build.0 = Debug|Any CPU
		{C0DD5FCD-90E1-46D4-92A9-92BC9C24E64F}.Release|Any CPU.ActiveCfg = Release|Any CPU
		{C0DD5FCD-90E1-46D4-92A9-92BC9C24E64F}.Release|Any CPU.Build.0 = Release|Any CPU
		{A280FD83-EDDB-4F7C-AF32-A095AD9586C5}.Debug|Any CPU.ActiveCfg = Debug|Any CPU
		{A280FD83-EDDB-4F7C-AF32-A095AD9586C5}.Debug|Any CPU.Build.0 = Debug|Any CPU
		{A280FD83-EDDB-4F7C-AF32-A095AD9586C5}.Release|Any CPU.ActiveCfg = Release|Any CPU
		{A280FD83-EDDB-4F7C-AF32-A095AD9586C5}.Release|Any CPU.Build.0 = Release|Any CPU
		{2EA8CF08-9426-4967-B67B-893B25A41C5C}.Debug|Any CPU.ActiveCfg = Debug|Any CPU
		{2EA8CF08-9426-4967-B67B-893B25A41C5C}.Debug|Any CPU.Build.0 = Debug|Any CPU
		{2EA8CF08-9426-4967-B67B-893B25A41C5C}.Release|Any CPU.ActiveCfg = Release|Any CPU
		{2EA8CF08-9426-4967-B67B-893B25A41C5C}.Release|Any CPU.Build.0 = Release|Any CPU
		{9E66EEB5-2E2D-4718-9CB6-488256F50DEA}.Debug|Any CPU.ActiveCfg = Debug|Any CPU
		{9E66EEB5-2E2D-4718-9CB6-488256F50DEA}.Debug|Any CPU.Build.0 = Debug|Any CPU
		{9E66EEB5-2E2D-4718-9CB6-488256F50DEA}.Release|Any CPU.ActiveCfg = Release|Any CPU
		{9E66EEB5-2E2D-4718-9CB6-488256F50DEA}.Release|Any CPU.Build.0 = Release|Any CPU
		{FAC0A102-B419-4894-8EA4-310958C28F4E}.Debug|Any CPU.ActiveCfg = Debug|Any CPU
		{FAC0A102-B419-4894-8EA4-310958C28F4E}.Debug|Any CPU.Build.0 = Debug|Any CPU
		{FAC0A102-B419-4894-8EA4-310958C28F4E}.Release|Any CPU.ActiveCfg = Release|Any CPU
		{FAC0A102-B419-4894-8EA4-310958C28F4E}.Release|Any CPU.Build.0 = Release|Any CPU
		{6D48B941-AD13-43D6-A675-BC0B0670C96A}.Debug|Any CPU.ActiveCfg = Debug|Any CPU
		{6D48B941-AD13-43D6-A675-BC0B0670C96A}.Debug|Any CPU.Build.0 = Debug|Any CPU
		{6D48B941-AD13-43D6-A675-BC0B0670C96A}.Release|Any CPU.ActiveCfg = Release|Any CPU
		{6D48B941-AD13-43D6-A675-BC0B0670C96A}.Release|Any CPU.Build.0 = Release|Any CPU
		{3272FB39-8F9F-4093-882D-FA510E4A767F}.Debug|Any CPU.ActiveCfg = Debug|Any CPU
		{3272FB39-8F9F-4093-882D-FA510E4A767F}.Debug|Any CPU.Build.0 = Debug|Any CPU
		{3272FB39-8F9F-4093-882D-FA510E4A767F}.Release|Any CPU.ActiveCfg = Release|Any CPU
		{3272FB39-8F9F-4093-882D-FA510E4A767F}.Release|Any CPU.Build.0 = Release|Any CPU
		{8053DCD8-ECBD-4338-8E17-938CAF32904D}.Debug|Any CPU.ActiveCfg = Debug|Any CPU
		{8053DCD8-ECBD-4338-8E17-938CAF32904D}.Debug|Any CPU.Build.0 = Debug|Any CPU
		{8053DCD8-ECBD-4338-8E17-938CAF32904D}.Release|Any CPU.ActiveCfg = Release|Any CPU
		{8053DCD8-ECBD-4338-8E17-938CAF32904D}.Release|Any CPU.Build.0 = Release|Any CPU
		{D6EAD33C-7824-4A9C-B455-89BE5AA83188}.Debug|Any CPU.ActiveCfg = Debug|Any CPU
		{D6EAD33C-7824-4A9C-B455-89BE5AA83188}.Debug|Any CPU.Build.0 = Debug|Any CPU
		{D6EAD33C-7824-4A9C-B455-89BE5AA83188}.Release|Any CPU.ActiveCfg = Release|Any CPU
		{D6EAD33C-7824-4A9C-B455-89BE5AA83188}.Release|Any CPU.Build.0 = Release|Any CPU
		{147A8856-03A9-4912-BD59-D4574247A950}.Debug|Any CPU.ActiveCfg = Debug|Any CPU
		{147A8856-03A9-4912-BD59-D4574247A950}.Debug|Any CPU.Build.0 = Debug|Any CPU
		{147A8856-03A9-4912-BD59-D4574247A950}.Release|Any CPU.ActiveCfg = Release|Any CPU
		{147A8856-03A9-4912-BD59-D4574247A950}.Release|Any CPU.Build.0 = Release|Any CPU
		{5B0711C0-38C1-4518-A617-D5F2F7B04073}.Debug|Any CPU.ActiveCfg = Debug|Any CPU
		{5B0711C0-38C1-4518-A617-D5F2F7B04073}.Debug|Any CPU.Build.0 = Debug|Any CPU
		{5B0711C0-38C1-4518-A617-D5F2F7B04073}.Release|Any CPU.ActiveCfg = Release|Any CPU
		{5B0711C0-38C1-4518-A617-D5F2F7B04073}.Release|Any CPU.Build.0 = Release|Any CPU
		{0A7AE9D6-9D81-4794-BAB7-7E499C11CAC9}.Debug|Any CPU.ActiveCfg = Debug|Any CPU
		{0A7AE9D6-9D81-4794-BAB7-7E499C11CAC9}.Debug|Any CPU.Build.0 = Debug|Any CPU
		{0A7AE9D6-9D81-4794-BAB7-7E499C11CAC9}.Release|Any CPU.ActiveCfg = Release|Any CPU
		{0A7AE9D6-9D81-4794-BAB7-7E499C11CAC9}.Release|Any CPU.Build.0 = Release|Any CPU
		{28907D36-1D74-47EE-A497-5D67101D2BB6}.Debug|Any CPU.ActiveCfg = Debug|Any CPU
		{28907D36-1D74-47EE-A497-5D67101D2BB6}.Debug|Any CPU.Build.0 = Debug|Any CPU
		{28907D36-1D74-47EE-A497-5D67101D2BB6}.Release|Any CPU.ActiveCfg = Release|Any CPU
		{28907D36-1D74-47EE-A497-5D67101D2BB6}.Release|Any CPU.Build.0 = Release|Any CPU
		{A3BEC08C-DC68-4F4A-9AA5-E2E6024D2D10}.Debug|Any CPU.ActiveCfg = Debug|Any CPU
		{A3BEC08C-DC68-4F4A-9AA5-E2E6024D2D10}.Debug|Any CPU.Build.0 = Debug|Any CPU
		{A3BEC08C-DC68-4F4A-9AA5-E2E6024D2D10}.Release|Any CPU.ActiveCfg = Release|Any CPU
		{A3BEC08C-DC68-4F4A-9AA5-E2E6024D2D10}.Release|Any CPU.Build.0 = Release|Any CPU
		{A8081BBD-905B-465B-8240-46D7AD741524}.Debug|Any CPU.ActiveCfg = Debug|Any CPU
		{A8081BBD-905B-465B-8240-46D7AD741524}.Debug|Any CPU.Build.0 = Debug|Any CPU
		{A8081BBD-905B-465B-8240-46D7AD741524}.Release|Any CPU.ActiveCfg = Release|Any CPU
		{A8081BBD-905B-465B-8240-46D7AD741524}.Release|Any CPU.Build.0 = Release|Any CPU
		{DF511E97-B410-4213-B54E-162A73CEF8BD}.Debug|Any CPU.ActiveCfg = Debug|Any CPU
		{DF511E97-B410-4213-B54E-162A73CEF8BD}.Debug|Any CPU.Build.0 = Debug|Any CPU
		{DF511E97-B410-4213-B54E-162A73CEF8BD}.Release|Any CPU.ActiveCfg = Release|Any CPU
		{DF511E97-B410-4213-B54E-162A73CEF8BD}.Release|Any CPU.Build.0 = Release|Any CPU
		{46CBA8F9-360F-449A-B8BE-5954D4A98698}.Debug|Any CPU.ActiveCfg = Debug|Any CPU
		{46CBA8F9-360F-449A-B8BE-5954D4A98698}.Debug|Any CPU.Build.0 = Debug|Any CPU
		{46CBA8F9-360F-449A-B8BE-5954D4A98698}.Release|Any CPU.ActiveCfg = Release|Any CPU
		{46CBA8F9-360F-449A-B8BE-5954D4A98698}.Release|Any CPU.Build.0 = Release|Any CPU
		{640CAB95-057F-4416-8EDA-8A268A8BE812}.Debug|Any CPU.ActiveCfg = Debug|Any CPU
		{640CAB95-057F-4416-8EDA-8A268A8BE812}.Debug|Any CPU.Build.0 = Debug|Any CPU
		{640CAB95-057F-4416-8EDA-8A268A8BE812}.Release|Any CPU.ActiveCfg = Release|Any CPU
		{640CAB95-057F-4416-8EDA-8A268A8BE812}.Release|Any CPU.Build.0 = Release|Any CPU
		{37B17314-0EBA-4753-B77B-A15680352443}.Debug|Any CPU.ActiveCfg = Debug|Any CPU
		{37B17314-0EBA-4753-B77B-A15680352443}.Debug|Any CPU.Build.0 = Debug|Any CPU
		{37B17314-0EBA-4753-B77B-A15680352443}.Release|Any CPU.ActiveCfg = Release|Any CPU
		{37B17314-0EBA-4753-B77B-A15680352443}.Release|Any CPU.Build.0 = Release|Any CPU
	EndGlobalSection
EndGlobal
